
Microsoft Visual Studio Solution File, Format Version 11.00
# Visual Studio 2010
Project("{FAE04EC0-301F-11D3-BF4B-00C04F79EFBC}") = "DynamicCodeTests", "DynamicCodeTests\DynamicCodeTests.csproj", "{8F163935-50FF-4F0A-A9CF-C5B44774B240}"
EndProject
Project("{FAE04EC0-301F-11D3-BF4B-00C04F79EFBC}") = "JGL", "JGL\JGL.csproj", "{1A4EC1C4-498A-42C7-ABC6-D4B9D889B8A9}"
EndProject
Project("{FAE04EC0-301F-11D3-BF4B-00C04F79EFBC}") = "SerializationTests", "SerializationTests\SerializationTests.csproj", "{EAF6280D-DBAE-450B-95E1-30EFFCA02D21}"
EndProject
Project("{FAE04EC0-301F-11D3-BF4B-00C04F79EFBC}") = "UtilityPrograms", "..\UtilityPrograms\UtilityPrograms.csproj", "{7FB80FA6-E2CE-419C-8E2A-D788E8E92F77}"
EndProject
Project("{2150E333-8FDC-42A3-9474-1A3956D46DE8}") = "Solution Items", "Solution Items", "{69166F42-EFE7-4A8D-9596-870273BCF64E}"
	ProjectSection(SolutionItems) = preProject
		commit.sh = commit.sh
	EndProjectSection
EndProject
Project("{FAE04EC0-301F-11D3-BF4B-00C04F79EFBC}") = "SmallConsoleTests", "SmallConsoleTests\SmallConsoleTests.csproj", "{B75803A2-E3E6-4984-9A3D-8EA78ABAE224}"
EndProject
Global
	GlobalSection(SolutionConfigurationPlatforms) = preSolution
		Debug|Any CPU = Debug|Any CPU
		Release|Any CPU = Release|Any CPU
		Default|Any CPU = Default|Any CPU
	EndGlobalSection
	GlobalSection(ProjectConfigurationPlatforms) = postSolution
		{1A4EC1C4-498A-42C7-ABC6-D4B9D889B8A9}.Debug|Any CPU.ActiveCfg = Debug|Any CPU
		{1A4EC1C4-498A-42C7-ABC6-D4B9D889B8A9}.Debug|Any CPU.Build.0 = Debug|Any CPU
		{1A4EC1C4-498A-42C7-ABC6-D4B9D889B8A9}.Release|Any CPU.ActiveCfg = Release|Any CPU
		{1A4EC1C4-498A-42C7-ABC6-D4B9D889B8A9}.Release|Any CPU.Build.0 = Release|Any CPU
		{7FB80FA6-E2CE-419C-8E2A-D788E8E92F77}.Debug|Any CPU.ActiveCfg = Debug|Any CPU
		{7FB80FA6-E2CE-419C-8E2A-D788E8E92F77}.Debug|Any CPU.Build.0 = Debug|Any CPU
		{7FB80FA6-E2CE-419C-8E2A-D788E8E92F77}.Release|Any CPU.ActiveCfg = Release|Any CPU
		{7FB80FA6-E2CE-419C-8E2A-D788E8E92F77}.Release|Any CPU.Build.0 = Release|Any CPU
		{8F163935-50FF-4F0A-A9CF-C5B44774B240}.Debug|Any CPU.ActiveCfg = Debug|Any CPU
		{8F163935-50FF-4F0A-A9CF-C5B44774B240}.Debug|Any CPU.Build.0 = Debug|Any CPU
		{8F163935-50FF-4F0A-A9CF-C5B44774B240}.Release|Any CPU.ActiveCfg = Release|Any CPU
		{8F163935-50FF-4F0A-A9CF-C5B44774B240}.Release|Any CPU.Build.0 = Release|Any CPU
		{B75803A2-E3E6-4984-9A3D-8EA78ABAE224}.Debug|Any CPU.ActiveCfg = Debug|Any CPU
		{B75803A2-E3E6-4984-9A3D-8EA78ABAE224}.Debug|Any CPU.Build.0 = Debug|Any CPU
		{B75803A2-E3E6-4984-9A3D-8EA78ABAE224}.Default|Any CPU.ActiveCfg = Debug|Any CPU
		{B75803A2-E3E6-4984-9A3D-8EA78ABAE224}.Default|Any CPU.Build.0 = Debug|Any CPU
		{B75803A2-E3E6-4984-9A3D-8EA78ABAE224}.Release|Any CPU.ActiveCfg = Release|Any CPU
		{B75803A2-E3E6-4984-9A3D-8EA78ABAE224}.Release|Any CPU.Build.0 = Release|Any CPU
		{EAF6280D-DBAE-450B-95E1-30EFFCA02D21}.Debug|Any CPU.ActiveCfg = Debug|Any CPU
		{EAF6280D-DBAE-450B-95E1-30EFFCA02D21}.Release|Any CPU.ActiveCfg = Release|Any CPU
	EndGlobalSection
	GlobalSection(NestedProjects) = preSolution
	EndGlobalSection
	GlobalSection(MonoDevelopProperties) = preSolution
		StartupItem = DynamicCodeTests\DynamicCodeTests.csproj
		Policies = $0
		$0.DotNetNamingPolicy = $1
		$1.DirectoryNamespaceAssociation = Hierarchical
		$1.ResourceNamePolicy = FileName
		$0.TextStylePolicy = $2
		$2.inheritsSet = null
		$2.scope = text/x-csharp
		$0.CSharpFormattingPolicy = $3
		$3.IndentSwitchBody = True
		$3.AlignEmbeddedIfStatements = False
		$3.AnonymousMethodBraceStyle = NextLine
		$3.PropertyGetBraceStyle = NextLine
		$3.PropertySetBraceStyle = NextLine
		$3.EventAddBraceStyle = NextLine
		$3.EventRemoveBraceStyle = NextLine
		$3.StatementBraceStyle = NextLine
		$3.PlaceElseOnNewLine = True
		$3.PlaceCatchOnNewLine = True
		$3.PlaceFinallyOnNewLine = True
		$3.BeforeMethodDeclarationParentheses = False
		$3.BeforeMethodCallParentheses = False
		$3.BeforeConstructorDeclarationParentheses = False
		$3.BeforeIndexerDeclarationBracket = False
		$3.BeforeDelegateDeclarationParentheses = False
		$3.AfterDelegateDeclarationParameterComma = True
		$3.NewParentheses = False
		$3.SpacesBeforeBrackets = False
		$3.inheritsSet = Mono
		$3.inheritsScope = text/x-csharp
		$3.scope = text/x-csharp
		$0.TextStylePolicy = $4
		$4.FileWidth = 128
		$4.TabWidth = 4
		$4.RemoveTrailingWhitespace = True
		$4.inheritsSet = Mono
		$4.inheritsScope = text/plain
		$4.scope = text/plain
		$0.TextStylePolicy = $5
		$5.inheritsSet = Mono
		$5.inheritsScope = text/plain
		$5.scope = text/x-log
		$0.TextStylePolicy = $6
		$6.FileWidth = 128
		$6.TabWidth = 4
		$6.RemoveTrailingWhitespace = True
		$6.inheritsSet = Mono
		$6.inheritsScope = text/plain
		$6.scope = application/glade+xml
		$0.XmlFormattingPolicy = $7
		$7.inheritsSet = Mono
		$7.inheritsScope = application/xml
		$7.scope = application/glade+xml
		$0.TextStylePolicy = $8
		$8.FileWidth = 128
		$8.TabWidth = 4
		$8.RemoveTrailingWhitespace = True
		$8.inheritsSet = Mono
		$8.inheritsScope = text/plain
		$8.scope = application/xml
		$0.XmlFormattingPolicy = $9
		$9.inheritsSet = Mono
		$9.inheritsScope = application/xml
		$9.scope = application/xml
		$0.StandardHeader = $10
		$10.Text = 
		$10.IncludeInNewFiles = True
		outputpath = bin
	EndGlobalSection
EndGlobal
